
Microsoft Visual Studio Solution File, Format Version 12.00
# Visual Studio Version 16
VisualStudioVersion = 16.0.31515.178
MinimumVisualStudioVersion = 10.0.40219.1
Project("{FAE04EC0-301F-11D3-BF4B-00C04F79EFBC}") = "LINQ_Queries1", "LINQ_Queries1\LINQ_Queries1.csproj", "{1473415D-0DC4-421D-825E-82D7958E74DB}"
EndProject
Global
	GlobalSection(SolutionConfigurationPlatforms) = preSolution
		Debug|Any CPU = Debug|Any CPU
		Release|Any CPU = Release|Any CPU
	EndGlobalSection
	GlobalSection(ProjectConfigurationPlatforms) = postSolution
		{1473415D-0DC4-421D-825E-82D7958E74DB}.Debug|Any CPU.ActiveCfg = Debug|Any CPU
		{1473415D-0DC4-421D-825E-82D7958E74DB}.Debug|Any CPU.Build.0 = Debug|Any CPU
		{1473415D-0DC4-421D-825E-82D7958E74DB}.Release|Any CPU.ActiveCfg = Release|Any CPU
		{1473415D-0DC4-421D-825E-82D7958E74DB}.Release|Any CPU.Build.0 = Release|Any CPU
	EndGlobalSection
	GlobalSection(SolutionProperties) = preSolution
		HideSolutionNode = FALSE
	EndGlobalSection
	GlobalSection(ExtensibilityGlobals) = postSolution
		SolutionGuid = {AEE63548-A3D9-4EED-AE36-39D8AECDAEFD}
	EndGlobalSection
EndGlobal
